{
  "name": "testdependency1",
  "version": "1.0.0",
  "lockfileVersion": 1,
  "requires": true,
  "dependencies": {
    "testsubdependency": {
      "version": "git+https://github.com/CSLTech/testSubDependency.git#fdb5985c6a9cbf586addb51c4764d482cfb90918",
      "from": "git+https://github.com/CSLTech/testSubDependency.git#master"
    }
  }
}
