{
  "name": "testdependency1",
  "version": "1.0.0",
  "lockfileVersion": 1,
  "requires": true,
  "dependencies": {
    "testsubdependency": {
      "version": "git+https://github.com/CSLTech/testSubDependency.git#189dafcca55b42b0b0e92786a22c99890a3d5b79",
      "from": "git+https://github.com/CSLTech/testSubDependency.git#master"
    }
  }
}
